{
  "name": "ai-agents",
  "version": "1.0.0",
  "lockfileVersion": 3,
  "requires": true,
  "packages": {
    "": {
      "name": "ai-agents",
      "version": "1.0.0",
      "hasInstallScript": false,
      "license": "UNLICENSED",
      "bin": {
        "ai-agents": "bin/ai-agents.mjs"
      },
      "engines": {
        "node": ">=24"
      }
    }
  }
}
